
Microsoft Visual Studio Solution File, Format Version 12.00
# Visual Studio Version 17
VisualStudioVersion = 17.6.33829.357
MinimumVisualStudioVersion = 10.0.40219.1
Project("{FAE04EC0-301F-11D3-BF4B-00C04F79EFBC}") = "Astar", "Astar\Astar.csproj", "{7EDFFD21-1BD0-4CEB-A795-67AE97C04C52}"
EndProject
Global
	GlobalSection(SolutionConfigurationPlatforms) = preSolution
		Debug|Any CPU = Debug|Any CPU
		Release|Any CPU = Release|Any CPU
	EndGlobalSection
	GlobalSection(ProjectConfigurationPlatforms) = postSolution
		{7EDFFD21-1BD0-4CEB-A795-67AE97C04C52}.Debug|Any CPU.ActiveCfg = Debug|Any CPU
		{7EDFFD21-1BD0-4CEB-A795-67AE97C04C52}.Debug|Any CPU.Build.0 = Debug|Any CPU
		{7EDFFD21-1BD0-4CEB-A795-67AE97C04C52}.Release|Any CPU.ActiveCfg = Release|Any CPU
		{7EDFFD21-1BD0-4CEB-A795-67AE97C04C52}.Release|Any CPU.Build.0 = Release|Any CPU
	EndGlobalSection
	GlobalSection(SolutionProperties) = preSolution
		HideSolutionNode = FALSE
	EndGlobalSection
	GlobalSection(ExtensibilityGlobals) = postSolution
		SolutionGuid = {236A9674-F30D-4763-A00A-668C8188E795}
	EndGlobalSection
EndGlobal
